// !$*UTF8*$!
{
	archiveVersion = 1;
	classes = {
	};
	objectVersion = 50;
	objects = {

/* Begin PBXBuildFile section */
		E156190224515D6C00C09AA8 /* UITableView+ReloadWithAnimation.swift in Sources */ = {isa = PBXBuildFile; fileRef = E156190124515D6C00C09AA8 /* UITableView+ReloadWithAnimation.swift */; };
		E1788AE7245198C3004DB8F5 /* WikiPageTableViewCell.swift in Sources */ = {isa = PBXBuildFile; fileRef = E1788AE6245198C3004DB8F5 /* WikiPageTableViewCell.swift */; };
		E1788AE92451DB0F004DB8F5 /* SearchResultsViewModelTest.swift in Sources */ = {isa = PBXBuildFile; fileRef = E1788AE82451DB0F004DB8F5 /* SearchResultsViewModelTest.swift */; };
		E1788AED245245BE004DB8F5 /* SplitViewController.swift in Sources */ = {isa = PBXBuildFile; fileRef = E1788AEC245245BE004DB8F5 /* SplitViewController.swift */; };
		E1A15FB2244E4D26008EF7DD /* AppDelegate.swift in Sources */ = {isa = PBXBuildFile; fileRef = E1A15FB1244E4D26008EF7DD /* AppDelegate.swift */; };
		E1A15FB4244E4D26008EF7DD /* SceneDelegate.swift in Sources */ = {isa = PBXBuildFile; fileRef = E1A15FB3244E4D26008EF7DD /* SceneDelegate.swift */; };
		E1A15FBB244E4D27008EF7DD /* Assets.xcassets in Resources */ = {isa = PBXBuildFile; fileRef = E1A15FBA244E4D27008EF7DD /* Assets.xcassets */; };
		E1A15FC9244E4D28008EF7DD /* WikiSearch_ViewerTests.swift in Sources */ = {isa = PBXBuildFile; fileRef = E1A15FC8244E4D28008EF7DD /* WikiSearch_ViewerTests.swift */; };
		E1A15FE3244E5134008EF7DD /* HttpTransport.swift in Sources */ = {isa = PBXBuildFile; fileRef = E1A15FE2244E5134008EF7DD /* HttpTransport.swift */; };
		E1A15FE5244E51CC008EF7DD /* LaunchViewController.swift in Sources */ = {isa = PBXBuildFile; fileRef = E1A15FE4244E51CC008EF7DD /* LaunchViewController.swift */; };
		E1A15FE7244E5265008EF7DD /* SearchResultsTableViewController.swift in Sources */ = {isa = PBXBuildFile; fileRef = E1A15FE6244E5265008EF7DD /* SearchResultsTableViewController.swift */; };
		E1A15FE9244E6331008EF7DD /* SearchResultsViewModel.swift in Sources */ = {isa = PBXBuildFile; fileRef = E1A15FE8244E6331008EF7DD /* SearchResultsViewModel.swift */; };
		E1A15FEF244E6516008EF7DD /* WikiSearchService.swift in Sources */ = {isa = PBXBuildFile; fileRef = E1A15FEE244E6516008EF7DD /* WikiSearchService.swift */; };
		E1A15FF1244E8000008EF7DD /* WikiPageProperties.swift in Sources */ = {isa = PBXBuildFile; fileRef = E1A15FF0244E8000008EF7DD /* WikiPageProperties.swift */; };
		E1C80B1C244EAFA500DA7122 /* WebContentViewController.swift in Sources */ = {isa = PBXBuildFile; fileRef = E1C80B1B244EAFA500DA7122 /* WebContentViewController.swift */; };
		E1C80B1E244F4ECD00DA7122 /* UIView+FadeIn.swift in Sources */ = {isa = PBXBuildFile; fileRef = E1C80B1D244F4ECD00DA7122 /* UIView+FadeIn.swift */; };
		E1EA0D18244F97C10020EC39 /* UIViewController+Spinner.swift in Sources */ = {isa = PBXBuildFile; fileRef = E1EA0D17244F97C10020EC39 /* UIViewController+Spinner.swift */; };
		E1EA0D1A244F9A430020EC39 /* String+DateFormatter.swift in Sources */ = {isa = PBXBuildFile; fileRef = E1EA0D19244F9A430020EC39 /* String+DateFormatter.swift */; };
/* End PBXBuildFile section */

/* Begin PBXContainerItemProxy section */
		E1A15FC5244E4D28008EF7DD /* PBXContainerItemProxy */ = {
			isa = PBXContainerItemProxy;
			containerPortal = E1A15FA6244E4D26008EF7DD /* Project object */;
			proxyType = 1;
			remoteGlobalIDString = E1A15FAD244E4D26008EF7DD;
			remoteInfo = "WikiSearch&Viewer";
		};
/* End PBXContainerItemProxy section */

/* Begin PBXFileReference section */
		E156190124515D6C00C09AA8 /* UITableView+ReloadWithAnimation.swift */ = {isa = PBXFileReference; lastKnownFileType = sourcecode.swift; path = "UITableView+ReloadWithAnimation.swift"; sourceTree = "<group>"; };
		E1788AE6245198C3004DB8F5 /* WikiPageTableViewCell.swift */ = {isa = PBXFileReference; lastKnownFileType = sourcecode.swift; path = WikiPageTableViewCell.swift; sourceTree = "<group>"; };
		E1788AE82451DB0F004DB8F5 /* SearchResultsViewModelTest.swift */ = {isa = PBXFileReference; lastKnownFileType = sourcecode.swift; path = SearchResultsViewModelTest.swift; sourceTree = "<group>"; };
		E1788AEC245245BE004DB8F5 /* SplitViewController.swift */ = {isa = PBXFileReference; lastKnownFileType = sourcecode.swift; path = SplitViewController.swift; sourceTree = "<group>"; };
		E1A15FAE244E4D26008EF7DD /* WikiSearch&Viewer.app */ = {isa = PBXFileReference; explicitFileType = wrapper.application; includeInIndex = 0; path = "WikiSearch&Viewer.app"; sourceTree = BUILT_PRODUCTS_DIR; };
		E1A15FB1244E4D26008EF7DD /* AppDelegate.swift */ = {isa = PBXFileReference; lastKnownFileType = sourcecode.swift; path = AppDelegate.swift; sourceTree = "<group>"; };
		E1A15FB3244E4D26008EF7DD /* SceneDelegate.swift */ = {isa = PBXFileReference; lastKnownFileType = sourcecode.swift; path = SceneDelegate.swift; sourceTree = "<group>"; };
		E1A15FBA244E4D27008EF7DD /* Assets.xcassets */ = {isa = PBXFileReference; lastKnownFileType = folder.assetcatalog; path = Assets.xcassets; sourceTree = "<group>"; };
		E1A15FBF244E4D27008EF7DD /* Info.plist */ = {isa = PBXFileReference; lastKnownFileType = text.plist.xml; path = Info.plist; sourceTree = "<group>"; };
		E1A15FC4244E4D28008EF7DD /* WikiSearch&ViewerTests.xctest */ = {isa = PBXFileReference; explicitFileType = wrapper.cfbundle; includeInIndex = 0; path = "WikiSearch&ViewerTests.xctest"; sourceTree = BUILT_PRODUCTS_DIR; };
		E1A15FC8244E4D28008EF7DD /* WikiSearch_ViewerTests.swift */ = {isa = PBXFileReference; lastKnownFileType = sourcecode.swift; path = WikiSearch_ViewerTests.swift; sourceTree = "<group>"; };
		E1A15FCA244E4D28008EF7DD /* Info.plist */ = {isa = PBXFileReference; lastKnownFileType = text.plist.xml; path = Info.plist; sourceTree = "<group>"; };
		E1A15FE2244E5134008EF7DD /* HttpTransport.swift */ = {isa = PBXFileReference; lastKnownFileType = sourcecode.swift; path = HttpTransport.swift; sourceTree = "<group>"; };
		E1A15FE4244E51CC008EF7DD /* LaunchViewController.swift */ = {isa = PBXFileReference; lastKnownFileType = sourcecode.swift; path = LaunchViewController.swift; sourceTree = "<group>"; };
		E1A15FE6244E5265008EF7DD /* SearchResultsTableViewController.swift */ = {isa = PBXFileReference; lastKnownFileType = sourcecode.swift; path = SearchResultsTableViewController.swift; sourceTree = "<group>"; };
		E1A15FE8244E6331008EF7DD /* SearchResultsViewModel.swift */ = {isa = PBXFileReference; lastKnownFileType = sourcecode.swift; path = SearchResultsViewModel.swift; sourceTree = "<group>"; };
		E1A15FEE244E6516008EF7DD /* WikiSearchService.swift */ = {isa = PBXFileReference; lastKnownFileType = sourcecode.swift; path = WikiSearchService.swift; sourceTree = "<group>"; };
		E1A15FF0244E8000008EF7DD /* WikiPageProperties.swift */ = {isa = PBXFileReference; lastKnownFileType = sourcecode.swift; path = WikiPageProperties.swift; sourceTree = "<group>"; };
		E1C80B1B244EAFA500DA7122 /* WebContentViewController.swift */ = {isa = PBXFileReference; lastKnownFileType = sourcecode.swift; path = WebContentViewController.swift; sourceTree = "<group>"; };
		E1C80B1D244F4ECD00DA7122 /* UIView+FadeIn.swift */ = {isa = PBXFileReference; lastKnownFileType = sourcecode.swift; path = "UIView+FadeIn.swift"; sourceTree = "<group>"; };
		E1EA0D17244F97C10020EC39 /* UIViewController+Spinner.swift */ = {isa = PBXFileReference; lastKnownFileType = sourcecode.swift; path = "UIViewController+Spinner.swift"; sourceTree = "<group>"; };
		E1EA0D19244F9A430020EC39 /* String+DateFormatter.swift */ = {isa = PBXFileReference; lastKnownFileType = sourcecode.swift; path = "String+DateFormatter.swift"; sourceTree = "<group>"; };
/* End PBXFileReference section */

/* Begin PBXFrameworksBuildPhase section */
		E1A15FAB244E4D26008EF7DD /* Frameworks */ = {
			isa = PBXFrameworksBuildPhase;
			buildActionMask = 2147483647;
			files = (
			);
			runOnlyForDeploymentPostprocessing = 0;
		};
		E1A15FC1244E4D28008EF7DD /* Frameworks */ = {
			isa = PBXFrameworksBuildPhase;
			buildActionMask = 2147483647;
			files = (
			);
			runOnlyForDeploymentPostprocessing = 0;
		};
/* End PBXFrameworksBuildPhase section */

/* Begin PBXGroup section */
		E1A15FA5244E4D26008EF7DD = {
			isa = PBXGroup;
			children = (
				E1A15FB0244E4D26008EF7DD /* WikiSearch&Viewer */,
				E1A15FC7244E4D28008EF7DD /* WikiSearch&ViewerTests */,
				E1A15FAF244E4D26008EF7DD /* Products */,
			);
			sourceTree = "<group>";
		};
		E1A15FAF244E4D26008EF7DD /* Products */ = {
			isa = PBXGroup;
			children = (
				E1A15FAE244E4D26008EF7DD /* WikiSearch&Viewer.app */,
				E1A15FC4244E4D28008EF7DD /* WikiSearch&ViewerTests.xctest */,
			);
			name = Products;
			sourceTree = "<group>";
		};
		E1A15FB0244E4D26008EF7DD /* WikiSearch&Viewer */ = {
			isa = PBXGroup;
			children = (
				E1A15FD8244E4D73008EF7DD /* Views */,
				E1A15FD6244E4D66008EF7DD /* ViewModels */,
				E1A15FD4244E4D53008EF7DD /* Models */,
				E1A15FDA244E4D80008EF7DD /* Managers */,
				E1A15FED244E649B008EF7DD /* Services */,
				E1A15FDC244E4D88008EF7DD /* Extensions */,
				E1A15FDD244E4DC4008EF7DD /* SupportFiles */,
			);
			path = "WikiSearch&Viewer";
			sourceTree = "<group>";
		};
		E1A15FC7244E4D28008EF7DD /* WikiSearch&ViewerTests */ = {
			isa = PBXGroup;
			children = (
				E1A15FC8244E4D28008EF7DD /* WikiSearch_ViewerTests.swift */,
				E1A15FCA244E4D28008EF7DD /* Info.plist */,
			);
			path = "WikiSearch&ViewerTests";
			sourceTree = "<group>";
		};
		E1A15FD4244E4D53008EF7DD /* Models */ = {
			isa = PBXGroup;
			children = (
				E1A15FF0244E8000008EF7DD /* WikiPageProperties.swift */,
			);
			path = Models;
			sourceTree = "<group>";
		};
		E1A15FD6244E4D66008EF7DD /* ViewModels */ = {
			isa = PBXGroup;
			children = (
				E1A15FE8244E6331008EF7DD /* SearchResultsViewModel.swift */,
				E1788AE82451DB0F004DB8F5 /* SearchResultsViewModelTest.swift */,
			);
			path = ViewModels;
			sourceTree = "<group>";
		};
		E1A15FD8244E4D73008EF7DD /* Views */ = {
			isa = PBXGroup;
			children = (
				E1A15FE4244E51CC008EF7DD /* LaunchViewController.swift */,
				E1A15FE6244E5265008EF7DD /* SearchResultsTableViewController.swift */,
				E1C80B1B244EAFA500DA7122 /* WebContentViewController.swift */,
				E1788AEC245245BE004DB8F5 /* SplitViewController.swift */,
				E1788AE6245198C3004DB8F5 /* WikiPageTableViewCell.swift */,
			);
			path = Views;
			sourceTree = "<group>";
		};
		E1A15FDA244E4D80008EF7DD /* Managers */ = {
			isa = PBXGroup;
			children = (
				E1A15FE2244E5134008EF7DD /* HttpTransport.swift */,
			);
			path = Managers;
			sourceTree = "<group>";
		};
		E1A15FDC244E4D88008EF7DD /* Extensions */ = {
			isa = PBXGroup;
			children = (
				E1C80B1D244F4ECD00DA7122 /* UIView+FadeIn.swift */,
				E1EA0D17244F97C10020EC39 /* UIViewController+Spinner.swift */,
				E1EA0D19244F9A430020EC39 /* String+DateFormatter.swift */,
				E156190124515D6C00C09AA8 /* UITableView+ReloadWithAnimation.swift */,
			);
			path = Extensions;
			sourceTree = "<group>";
		};
		E1A15FDD244E4DC4008EF7DD /* SupportFiles */ = {
			isa = PBXGroup;
			children = (
				E1A15FBA244E4D27008EF7DD /* Assets.xcassets */,
				E1A15FBF244E4D27008EF7DD /* Info.plist */,
				E1A15FB1244E4D26008EF7DD /* AppDelegate.swift */,
				E1A15FB3244E4D26008EF7DD /* SceneDelegate.swift */,
			);
			name = SupportFiles;
			sourceTree = "<group>";
		};
		E1A15FED244E649B008EF7DD /* Services */ = {
			isa = PBXGroup;
			children = (
				E1A15FEE244E6516008EF7DD /* WikiSearchService.swift */,
			);
			path = Services;
			sourceTree = "<group>";
		};
/* End PBXGroup section */

/* Begin PBXNativeTarget section */
		E1A15FAD244E4D26008EF7DD /* WikiSearch&Viewer */ = {
			isa = PBXNativeTarget;
			buildConfigurationList = E1A15FCD244E4D28008EF7DD /* Build configuration list for PBXNativeTarget "WikiSearch&Viewer" */;
			buildPhases = (
				E1A15FAA244E4D26008EF7DD /* Sources */,
				E1A15FAB244E4D26008EF7DD /* Frameworks */,
				E1A15FAC244E4D26008EF7DD /* Resources */,
			);
			buildRules = (
			);
			dependencies = (
			);
			name = "WikiSearch&Viewer";
			productName = "WikiSearch&Viewer";
			productReference = E1A15FAE244E4D26008EF7DD /* WikiSearch&Viewer.app */;
			productType = "com.apple.product-type.application";
		};
		E1A15FC3244E4D28008EF7DD /* WikiSearch&ViewerTests */ = {
			isa = PBXNativeTarget;
			buildConfigurationList = E1A15FD0244E4D28008EF7DD /* Build configuration list for PBXNativeTarget "WikiSearch&ViewerTests" */;
			buildPhases = (
				E1A15FC0244E4D28008EF7DD /* Sources */,
				E1A15FC1244E4D28008EF7DD /* Frameworks */,
				E1A15FC2244E4D28008EF7DD /* Resources */,
			);
			buildRules = (
			);
			dependencies = (
				E1A15FC6244E4D28008EF7DD /* PBXTargetDependency */,
			);
			name = "WikiSearch&ViewerTests";
			productName = "WikiSearch&ViewerTests";
			productReference = E1A15FC4244E4D28008EF7DD /* WikiSearch&ViewerTests.xctest */;
			productType = "com.apple.product-type.bundle.unit-test";
		};
/* End PBXNativeTarget section */

/* Begin PBXProject section */
		E1A15FA6244E4D26008EF7DD /* Project object */ = {
			isa = PBXProject;
			attributes = {
				LastSwiftUpdateCheck = 1140;
				LastUpgradeCheck = 1140;
				ORGANIZATIONNAME = "Pedro Alfonso";
				TargetAttributes = {
					E1A15FAD244E4D26008EF7DD = {
						CreatedOnToolsVersion = 11.4.1;
					};
					E1A15FC3244E4D28008EF7DD = {
						CreatedOnToolsVersion = 11.4.1;
						TestTargetID = E1A15FAD244E4D26008EF7DD;
					};
				};
			};
			buildConfigurationList = E1A15FA9244E4D26008EF7DD /* Build configuration list for PBXProject "WikiSearch&Viewer" */;
			compatibilityVersion = "Xcode 9.3";
			developmentRegion = en;
			hasScannedForEncodings = 0;
			knownRegions = (
				en,
				Base,
			);
			mainGroup = E1A15FA5244E4D26008EF7DD;
			productRefGroup = E1A15FAF244E4D26008EF7DD /* Products */;
			projectDirPath = "";
			projectRoot = "";
			targets = (
				E1A15FAD244E4D26008EF7DD /* WikiSearch&Viewer */,
				E1A15FC3244E4D28008EF7DD /* WikiSearch&ViewerTests */,
			);
		};
/* End PBXProject section */

/* Begin PBXResourcesBuildPhase section */
		E1A15FAC244E4D26008EF7DD /* Resources */ = {
			isa = PBXResourcesBuildPhase;
			buildActionMask = 2147483647;
			files = (
				E1A15FBB244E4D27008EF7DD /* Assets.xcassets in Resources */,
			);
			runOnlyForDeploymentPostprocessing = 0;
		};
		E1A15FC2244E4D28008EF7DD /* Resources */ = {
			isa = PBXResourcesBuildPhase;
			buildActionMask = 2147483647;
			files = (
			);
			runOnlyForDeploymentPostprocessing = 0;
		};
/* End PBXResourcesBuildPhase section */

/* Begin PBXSourcesBuildPhase section */
		E1A15FAA244E4D26008EF7DD /* Sources */ = {
			isa = PBXSourcesBuildPhase;
			buildActionMask = 2147483647;
			files = (
				E1A15FE3244E5134008EF7DD /* HttpTransport.swift in Sources */,
				E1C80B1C244EAFA500DA7122 /* WebContentViewController.swift in Sources */,
				E1EA0D1A244F9A430020EC39 /* String+DateFormatter.swift in Sources */,
				E1A15FB2244E4D26008EF7DD /* AppDelegate.swift in Sources */,
				E156190224515D6C00C09AA8 /* UITableView+ReloadWithAnimation.swift in Sources */,
				E1788AED245245BE004DB8F5 /* SplitViewController.swift in Sources */,
				E1A15FE7244E5265008EF7DD /* SearchResultsTableViewController.swift in Sources */,
				E1A15FB4244E4D26008EF7DD /* SceneDelegate.swift in Sources */,
				E1A15FEF244E6516008EF7DD /* WikiSearchService.swift in Sources */,
				E1A15FE5244E51CC008EF7DD /* LaunchViewController.swift in Sources */,
				E1788AE7245198C3004DB8F5 /* WikiPageTableViewCell.swift in Sources */,
				E1EA0D18244F97C10020EC39 /* UIViewController+Spinner.swift in Sources */,
				E1C80B1E244F4ECD00DA7122 /* UIView+FadeIn.swift in Sources */,
				E1A15FF1244E8000008EF7DD /* WikiPageProperties.swift in Sources */,
				E1A15FE9244E6331008EF7DD /* SearchResultsViewModel.swift in Sources */,
			);
			runOnlyForDeploymentPostprocessing = 0;
		};
		E1A15FC0244E4D28008EF7DD /* Sources */ = {
			isa = PBXSourcesBuildPhase;
			buildActionMask = 2147483647;
			files = (
				E1788AE92451DB0F004DB8F5 /* SearchResultsViewModelTest.swift in Sources */,
				E1A15FC9244E4D28008EF7DD /* WikiSearch_ViewerTests.swift in Sources */,
			);
			runOnlyForDeploymentPostprocessing = 0;
		};
/* End PBXSourcesBuildPhase section */

/* Begin PBXTargetDependency section */
		E1A15FC6244E4D28008EF7DD /* PBXTargetDependency */ = {
			isa = PBXTargetDependency;
			target = E1A15FAD244E4D26008EF7DD /* WikiSearch&Viewer */;
			targetProxy = E1A15FC5244E4D28008EF7DD /* PBXContainerItemProxy */;
		};
/* End PBXTargetDependency section */

/* Begin XCBuildConfiguration section */
		E1A15FCB244E4D28008EF7DD /* Debug */ = {
			isa = XCBuildConfiguration;
			buildSettings = {
				ALWAYS_SEARCH_USER_PATHS = NO;
				CLANG_ANALYZER_NONNULL = YES;
				CLANG_ANALYZER_NUMBER_OBJECT_CONVERSION = YES_AGGRESSIVE;
				CLANG_CXX_LANGUAGE_STANDARD = "gnu++14";
				CLANG_CXX_LIBRARY = "libc++";
				CLANG_ENABLE_MODULES = YES;
				CLANG_ENABLE_OBJC_ARC = YES;
				CLANG_ENABLE_OBJC_WEAK = YES;
				CLANG_WARN_BLOCK_CAPTURE_AUTORELEASING = YES;
				CLANG_WARN_BOOL_CONVERSION = YES;
				CLANG_WARN_COMMA = YES;
				CLANG_WARN_CONSTANT_CONVERSION = YES;
				CLANG_WARN_DEPRECATED_OBJC_IMPLEMENTATIONS = YES;
				CLANG_WARN_DIRECT_OBJC_ISA_USAGE = YES_ERROR;
				CLANG_WARN_DOCUMENTATION_COMMENTS = YES;
				CLANG_WARN_EMPTY_BODY = YES;
				CLANG_WARN_ENUM_CONVERSION = YES;
				CLANG_WARN_INFINITE_RECURSION = YES;
				CLANG_WARN_INT_CONVERSION = YES;
				CLANG_WARN_NON_LITERAL_NULL_CONVERSION = YES;
				CLANG_WARN_OBJC_IMPLICIT_RETAIN_SELF = YES;
				CLANG_WARN_OBJC_LITERAL_CONVERSION = YES;
				CLANG_WARN_OBJC_ROOT_CLASS = YES_ERROR;
				CLANG_WARN_RANGE_LOOP_ANALYSIS = YES;
				CLANG_WARN_STRICT_PROTOTYPES = YES;
				CLANG_WARN_SUSPICIOUS_MOVE = YES;
				CLANG_WARN_UNGUARDED_AVAILABILITY = YES_AGGRESSIVE;
				CLANG_WARN_UNREACHABLE_CODE = YES;
				CLANG_WARN__DUPLICATE_METHOD_MATCH = YES;
				COPY_PHASE_STRIP = NO;
				DEBUG_INFORMATION_FORMAT = dwarf;
				ENABLE_STRICT_OBJC_MSGSEND = YES;
				ENABLE_TESTABILITY = YES;
				GCC_C_LANGUAGE_STANDARD = gnu11;
				GCC_DYNAMIC_NO_PIC = NO;
				GCC_NO_COMMON_BLOCKS = YES;
				GCC_OPTIMIZATION_LEVEL = 0;
				GCC_PREPROCESSOR_DEFINITIONS = (
					"DEBUG=1",
					"$(inherited)",
				);
				GCC_WARN_64_TO_32_BIT_CONVERSION = YES;
				GCC_WARN_ABOUT_RETURN_TYPE = YES_ERROR;
				GCC_WARN_UNDECLARED_SELECTOR = YES;
				GCC_WARN_UNINITIALIZED_AUTOS = YES_AGGRESSIVE;
				GCC_WARN_UNUSED_FUNCTION = YES;
				GCC_WARN_UNUSED_VARIABLE = YES;
				IPHONEOS_DEPLOYMENT_TARGET = 13.4;
				MTL_ENABLE_DEBUG_INFO = INCLUDE_SOURCE;
				MTL_FAST_MATH = YES;
				ONLY_ACTIVE_ARCH = YES;
				SDKROOT = iphoneos;
				SWIFT_ACTIVE_COMPILATION_CONDITIONS = DEBUG;
				SWIFT_OPTIMIZATION_LEVEL = "-Onone";
			};
			name = Debug;
		};
		E1A15FCC244E4D28008EF7DD /* Release */ = {
			isa = XCBuildConfiguration;
			buildSettings = {
				ALWAYS_SEARCH_USER_PATHS = NO;
				CLANG_ANALYZER_NONNULL = YES;
				CLANG_ANALYZER_NUMBER_OBJECT_CONVERSION = YES_AGGRESSIVE;
				CLANG_CXX_LANGUAGE_STANDARD = "gnu++14";
				CLANG_CXX_LIBRARY = "libc++";
				CLANG_ENABLE_MODULES = YES;
				CLANG_ENABLE_OBJC_ARC = YES;
				CLANG_ENABLE_OBJC_WEAK = YES;
				CLANG_WARN_BLOCK_CAPTURE_AUTORELEASING = YES;
				CLANG_WARN_BOOL_CONVERSION = YES;
				CLANG_WARN_COMMA = YES;
				CLANG_WARN_CONSTANT_CONVERSION = YES;
				CLANG_WARN_DEPRECATED_OBJC_IMPLEMENTATIONS = YES;
				CLANG_WARN_DIRECT_OBJC_ISA_USAGE = YES_ERROR;
				CLANG_WARN_DOCUMENTATION_COMMENTS = YES;
				CLANG_WARN_EMPTY_BODY = YES;
				CLANG_WARN_ENUM_CONVERSION = YES;
				CLANG_WARN_INFINITE_RECURSION = YES;
				CLANG_WARN_INT_CONVERSION = YES;
				CLANG_WARN_NON_LITERAL_NULL_CONVERSION = YES;
				CLANG_WARN_OBJC_IMPLICIT_RETAIN_SELF = YES;
				CLANG_WARN_OBJC_LITERAL_CONVERSION = YES;
				CLANG_WARN_OBJC_ROOT_CLASS = YES_ERROR;
				CLANG_WARN_RANGE_LOOP_ANALYSIS = YES;
				CLANG_WARN_STRICT_PROTOTYPES = YES;
				CLANG_WARN_SUSPICIOUS_MOVE = YES;
				CLANG_WARN_UNGUARDED_AVAILABILITY = YES_AGGRESSIVE;
				CLANG_WARN_UNREACHABLE_CODE = YES;
				CLANG_WARN__DUPLICATE_METHOD_MATCH = YES;
				COPY_PHASE_STRIP = NO;
				DEBUG_INFORMATION_FORMAT = "dwarf-with-dsym";
				ENABLE_NS_ASSERTIONS = NO;
				ENABLE_STRICT_OBJC_MSGSEND = YES;
				GCC_C_LANGUAGE_STANDARD = gnu11;
				GCC_NO_COMMON_BLOCKS = YES;
				GCC_WARN_64_TO_32_BIT_CONVERSION = YES;
				GCC_WARN_ABOUT_RETURN_TYPE = YES_ERROR;
				GCC_WARN_UNDECLARED_SELECTOR = YES;
				GCC_WARN_UNINITIALIZED_AUTOS = YES_AGGRESSIVE;
				GCC_WARN_UNUSED_FUNCTION = YES;
				GCC_WARN_UNUSED_VARIABLE = YES;
				IPHONEOS_DEPLOYMENT_TARGET = 13.4;
				MTL_ENABLE_DEBUG_INFO = NO;
				MTL_FAST_MATH = YES;
				SDKROOT = iphoneos;
				SWIFT_COMPILATION_MODE = wholemodule;
				SWIFT_OPTIMIZATION_LEVEL = "-O";
				VALIDATE_PRODUCT = YES;
			};
			name = Release;
		};
		E1A15FCE244E4D28008EF7DD /* Debug */ = {
			isa = XCBuildConfiguration;
			buildSettings = {
				ASSETCATALOG_COMPILER_APPICON_NAME = AppIcon;
				CODE_SIGN_STYLE = Automatic;
				DEVELOPMENT_TEAM = TW28WTZGPT;
				INFOPLIST_FILE = "WikiSearch&Viewer/Info.plist";
				IPHONEOS_DEPLOYMENT_TARGET = 13.0;
				LD_RUNPATH_SEARCH_PATHS = (
					"$(inherited)",
					"@executable_path/Frameworks",
				);
				PRODUCT_BUNDLE_IDENTIFIER = "com.pedroalfonso24.WikiSearch-Viewer";
				PRODUCT_NAME = "$(TARGET_NAME)";
				SWIFT_VERSION = 5.0;
				TARGETED_DEVICE_FAMILY = "1,2";
			};
			name = Debug;
		};
		E1A15FCF244E4D28008EF7DD /* Release */ = {
			isa = XCBuildConfiguration;
			buildSettings = {
				ASSETCATALOG_COMPILER_APPICON_NAME = AppIcon;
				CODE_SIGN_STYLE = Automatic;
				DEVELOPMENT_TEAM = TW28WTZGPT;
				INFOPLIST_FILE = "WikiSearch&Viewer/Info.plist";
				IPHONEOS_DEPLOYMENT_TARGET = 13.0;
				LD_RUNPATH_SEARCH_PATHS = (
					"$(inherited)",
					"@executable_path/Frameworks",
				);
				PRODUCT_BUNDLE_IDENTIFIER = "com.pedroalfonso24.WikiSearch-Viewer";
				PRODUCT_NAME = "$(TARGET_NAME)";
				SWIFT_VERSION = 5.0;
				TARGETED_DEVICE_FAMILY = "1,2";
			};
			name = Release;
		};
		E1A15FD1244E4D28008EF7DD /* Debug */ = {
			isa = XCBuildConfiguration;
			buildSettings = {
				ALWAYS_EMBED_SWIFT_STANDARD_LIBRARIES = YES;
				BUNDLE_LOADER = "$(TEST_HOST)";
				CODE_SIGN_STYLE = Automatic;
				DEVELOPMENT_TEAM = TW28WTZGPT;
				INFOPLIST_FILE = "WikiSearch&ViewerTests/Info.plist";
				IPHONEOS_DEPLOYMENT_TARGET = 13.4;
				LD_RUNPATH_SEARCH_PATHS = (
					"$(inherited)",
					"@executable_path/Frameworks",
					"@loader_path/Frameworks",
				);
				PRODUCT_BUNDLE_IDENTIFIER = "com.pedroalfonso24.WikiSearch-ViewerTests";
				PRODUCT_NAME = "$(TARGET_NAME)";
				SWIFT_VERSION = 5.0;
				TARGETED_DEVICE_FAMILY = "1,2";
				TEST_HOST = "$(BUILT_PRODUCTS_DIR)/WikiSearch&Viewer.app/WikiSearch&Viewer";
			};
			name = Debug;
		};
		E1A15FD2244E4D28008EF7DD /* Release */ = {
			isa = XCBuildConfiguration;
			buildSettings = {
				ALWAYS_EMBED_SWIFT_STANDARD_LIBRARIES = YES;
				BUNDLE_LOADER = "$(TEST_HOST)";
				CODE_SIGN_STYLE = Automatic;
				DEVELOPMENT_TEAM = TW28WTZGPT;
				INFOPLIST_FILE = "WikiSearch&ViewerTests/Info.plist";
				IPHONEOS_DEPLOYMENT_TARGET = 13.4;
				LD_RUNPATH_SEARCH_PATHS = (
					"$(inherited)",
					"@executable_path/Frameworks",
					"@loader_path/Frameworks",
				);
				PRODUCT_BUNDLE_IDENTIFIER = "com.pedroalfonso24.WikiSearch-ViewerTests";
				PRODUCT_NAME = "$(TARGET_NAME)";
				SWIFT_VERSION = 5.0;
				TARGETED_DEVICE_FAMILY = "1,2";
				TEST_HOST = "$(BUILT_PRODUCTS_DIR)/WikiSearch&Viewer.app/WikiSearch&Viewer";
			};
			name = Release;
		};
/* End XCBuildConfiguration section */

/* Begin XCConfigurationList section */
		E1A15FA9244E4D26008EF7DD /* Build configuration list for PBXProject "WikiSearch&Viewer" */ = {
			isa = XCConfigurationList;
			buildConfigurations = (
				E1A15FCB244E4D28008EF7DD /* Debug */,
				E1A15FCC244E4D28008EF7DD /* Release */,
			);
			defaultConfigurationIsVisible = 0;
			defaultConfigurationName = Release;
		};
		E1A15FCD244E4D28008EF7DD /* Build configuration list for PBXNativeTarget "WikiSearch&Viewer" */ = {
			isa = XCConfigurationList;
			buildConfigurations = (
				E1A15FCE244E4D28008EF7DD /* Debug */,
				E1A15FCF244E4D28008EF7DD /* Release */,
			);
			defaultConfigurationIsVisible = 0;
			defaultConfigurationName = Release;
		};
		E1A15FD0244E4D28008EF7DD /* Build configuration list for PBXNativeTarget "WikiSearch&ViewerTests" */ = {
			isa = XCConfigurationList;
			buildConfigurations = (
				E1A15FD1244E4D28008EF7DD /* Debug */,
				E1A15FD2244E4D28008EF7DD /* Release */,
			);
			defaultConfigurationIsVisible = 0;
			defaultConfigurationName = Release;
		};
/* End XCConfigurationList section */
	};
	rootObject = E1A15FA6244E4D26008EF7DD /* Project object */;
}
